
Microsoft Visual Studio Solution File, Format Version 12.00
# Visual Studio Version 17
VisualStudioVersion = 17.5.002.0
MinimumVisualStudioVersion = 10.0.40219.1
Project("{9A19103F-16F7-4668-BE54-9A1E7A4F7556}") = "ApiMinimal", "ApiMinimal.csproj", "{1E77459A-C2D1-4D53-9AE7-D5CCC0123760}"
EndProject
Global
	GlobalSection(SolutionConfigurationPlatforms) = preSolution
		Debug|Any CPU = Debug|Any CPU
		Release|Any CPU = Release|Any CPU
	EndGlobalSection
	GlobalSection(ProjectConfigurationPlatforms) = postSolution
		{1E77459A-C2D1-4D53-9AE7-D5CCC0123760}.Debug|Any CPU.ActiveCfg = Debug|Any CPU
		{1E77459A-C2D1-4D53-9AE7-D5CCC0123760}.Debug|Any CPU.Build.0 = Debug|Any CPU
		{1E77459A-C2D1-4D53-9AE7-D5CCC0123760}.Release|Any CPU.ActiveCfg = Release|Any CPU
		{1E77459A-C2D1-4D53-9AE7-D5CCC0123760}.Release|Any CPU.Build.0 = Release|Any CPU
	EndGlobalSection
	GlobalSection(SolutionProperties) = preSolution
		HideSolutionNode = FALSE
	EndGlobalSection
	GlobalSection(ExtensibilityGlobals) = postSolution
		SolutionGuid = {60DC45A8-5933-446C-92B5-1C3CFFCD128C}
	EndGlobalSection
EndGlobal
